// !$*UTF8*$!
{
	archiveVersion = 1;
	classes = {
	};
	objectVersion = 56;
	objects = {

/* Begin PBXBuildFile section */
		B17910B029C170A20042DFF0 /* song3.mp3 in Resources */ = {isa = PBXBuildFile; fileRef = B17910AF29C170A20042DFF0 /* song3.mp3 */; };
		B17910B229C170A70042DFF0 /* song4.mp3 in Resources */ = {isa = PBXBuildFile; fileRef = B17910B129C170A70042DFF0 /* song4.mp3 */; };
		B17910B429C171B10042DFF0 /* song5.mp3 in Resources */ = {isa = PBXBuildFile; fileRef = B17910B329C171B00042DFF0 /* song5.mp3 */; };
		B17C72CB29DAB3FA00DD9EB6 /* MusicDelegate.swift in Sources */ = {isa = PBXBuildFile; fileRef = B17C72CA29DAB3FA00DD9EB6 /* MusicDelegate.swift */; };
		B18CEF2229BF3D74003877BE /* AppDelegate.swift in Sources */ = {isa = PBXBuildFile; fileRef = B18CEF2129BF3D74003877BE /* AppDelegate.swift */; };
		B18CEF2429BF3D74003877BE /* SceneDelegate.swift in Sources */ = {isa = PBXBuildFile; fileRef = B18CEF2329BF3D74003877BE /* SceneDelegate.swift */; };
		B18CEF2629BF3D74003877BE /* ViewController.swift in Sources */ = {isa = PBXBuildFile; fileRef = B18CEF2529BF3D74003877BE /* ViewController.swift */; };
		B18CEF2929BF3D74003877BE /* Main.storyboard in Resources */ = {isa = PBXBuildFile; fileRef = B18CEF2729BF3D74003877BE /* Main.storyboard */; };
		B18CEF2B29BF3D75003877BE /* Assets.xcassets in Resources */ = {isa = PBXBuildFile; fileRef = B18CEF2A29BF3D75003877BE /* Assets.xcassets */; };
		B18CEF2E29BF3D75003877BE /* LaunchScreen.storyboard in Resources */ = {isa = PBXBuildFile; fileRef = B18CEF2C29BF3D75003877BE /* LaunchScreen.storyboard */; };
		B18CEF3D29BF41A1003877BE /* Song.swift in Sources */ = {isa = PBXBuildFile; fileRef = B18CEF3C29BF41A1003877BE /* Song.swift */; };
		B18CEF4429BF4521003877BE /* song1.mp3 in Resources */ = {isa = PBXBuildFile; fileRef = B18CEF4329BF4521003877BE /* song1.mp3 */; };
		B18CEF4629BF452C003877BE /* song2.mp3 in Resources */ = {isa = PBXBuildFile; fileRef = B18CEF4529BF452C003877BE /* song2.mp3 */; };
		B18CEF4929BF4C01003877BE /* SongCell.swift in Sources */ = {isa = PBXBuildFile; fileRef = B18CEF4729BF4C01003877BE /* SongCell.swift */; };
		B18CEF4A29BF4C01003877BE /* SongCell.xib in Resources */ = {isa = PBXBuildFile; fileRef = B18CEF4829BF4C01003877BE /* SongCell.xib */; };
		B18CEF4C29BF5611003877BE /* PlayerViewController.swift in Sources */ = {isa = PBXBuildFile; fileRef = B18CEF4B29BF5611003877BE /* PlayerViewController.swift */; };
/* End PBXBuildFile section */

/* Begin PBXFileReference section */
		B17910AF29C170A20042DFF0 /* song3.mp3 */ = {isa = PBXFileReference; lastKnownFileType = audio.mp3; name = song3.mp3; path = ../../../../../../Downloads/song3.mp3; sourceTree = "<group>"; };
		B17910B129C170A70042DFF0 /* song4.mp3 */ = {isa = PBXFileReference; lastKnownFileType = audio.mp3; name = song4.mp3; path = ../../../../../../Downloads/song4.mp3; sourceTree = "<group>"; };
		B17910B329C171B00042DFF0 /* song5.mp3 */ = {isa = PBXFileReference; lastKnownFileType = audio.mp3; name = song5.mp3; path = ../../../../../../Downloads/song5.mp3; sourceTree = "<group>"; };
		B17C72CA29DAB3FA00DD9EB6 /* MusicDelegate.swift */ = {isa = PBXFileReference; lastKnownFileType = sourcecode.swift; path = MusicDelegate.swift; sourceTree = "<group>"; };
		B18CEF1E29BF3D74003877BE /* Playlist.app */ = {isa = PBXFileReference; explicitFileType = wrapper.application; includeInIndex = 0; path = Playlist.app; sourceTree = BUILT_PRODUCTS_DIR; };
		B18CEF2129BF3D74003877BE /* AppDelegate.swift */ = {isa = PBXFileReference; lastKnownFileType = sourcecode.swift; path = AppDelegate.swift; sourceTree = "<group>"; };
		B18CEF2329BF3D74003877BE /* SceneDelegate.swift */ = {isa = PBXFileReference; lastKnownFileType = sourcecode.swift; path = SceneDelegate.swift; sourceTree = "<group>"; };
		B18CEF2529BF3D74003877BE /* ViewController.swift */ = {isa = PBXFileReference; lastKnownFileType = sourcecode.swift; path = ViewController.swift; sourceTree = "<group>"; };
		B18CEF2829BF3D74003877BE /* Base */ = {isa = PBXFileReference; lastKnownFileType = file.storyboard; name = Base; path = Base.lproj/Main.storyboard; sourceTree = "<group>"; };
		B18CEF2A29BF3D75003877BE /* Assets.xcassets */ = {isa = PBXFileReference; lastKnownFileType = folder.assetcatalog; path = Assets.xcassets; sourceTree = "<group>"; };
		B18CEF2D29BF3D75003877BE /* Base */ = {isa = PBXFileReference; lastKnownFileType = file.storyboard; name = Base; path = Base.lproj/LaunchScreen.storyboard; sourceTree = "<group>"; };
		B18CEF2F29BF3D75003877BE /* Info.plist */ = {isa = PBXFileReference; lastKnownFileType = text.plist.xml; path = Info.plist; sourceTree = "<group>"; };
		B18CEF3C29BF41A1003877BE /* Song.swift */ = {isa = PBXFileReference; lastKnownFileType = sourcecode.swift; path = Song.swift; sourceTree = "<group>"; };
		B18CEF4329BF4521003877BE /* song1.mp3 */ = {isa = PBXFileReference; lastKnownFileType = audio.mp3; name = song1.mp3; path = ../../../../../../Downloads/song1.mp3; sourceTree = "<group>"; };
		B18CEF4529BF452C003877BE /* song2.mp3 */ = {isa = PBXFileReference; lastKnownFileType = audio.mp3; name = song2.mp3; path = ../../../../../../Downloads/song2.mp3; sourceTree = "<group>"; };
		B18CEF4729BF4C01003877BE /* SongCell.swift */ = {isa = PBXFileReference; lastKnownFileType = sourcecode.swift; path = SongCell.swift; sourceTree = "<group>"; };
		B18CEF4829BF4C01003877BE /* SongCell.xib */ = {isa = PBXFileReference; lastKnownFileType = file.xib; path = SongCell.xib; sourceTree = "<group>"; };
		B18CEF4B29BF5611003877BE /* PlayerViewController.swift */ = {isa = PBXFileReference; lastKnownFileType = sourcecode.swift; path = PlayerViewController.swift; sourceTree = "<group>"; };
/* End PBXFileReference section */

/* Begin PBXFrameworksBuildPhase section */
		B18CEF1B29BF3D74003877BE /* Frameworks */ = {
			isa = PBXFrameworksBuildPhase;
			buildActionMask = 2147483647;
			files = (
			);
			runOnlyForDeploymentPostprocessing = 0;
		};
/* End PBXFrameworksBuildPhase section */

/* Begin PBXGroup section */
		B18CEF1529BF3D74003877BE = {
			isa = PBXGroup;
			children = (
				B18CEF2029BF3D74003877BE /* Playlist */,
				B18CEF1F29BF3D74003877BE /* Products */,
			);
			sourceTree = "<group>";
		};
		B18CEF1F29BF3D74003877BE /* Products */ = {
			isa = PBXGroup;
			children = (
				B18CEF1E29BF3D74003877BE /* Playlist.app */,
			);
			name = Products;
			sourceTree = "<group>";
		};
		B18CEF2029BF3D74003877BE /* Playlist */ = {
			isa = PBXGroup;
			children = (
				B18CEF3E29BF43E0003877BE /* Audio */,
				B18CEF3729BF3FEE003877BE /* Model */,
				B18CEF2129BF3D74003877BE /* AppDelegate.swift */,
				B18CEF2329BF3D74003877BE /* SceneDelegate.swift */,
				B17C72CA29DAB3FA00DD9EB6 /* MusicDelegate.swift */,
				B18CEF3629BF3FDD003877BE /* Controller */,
				B18CEF3529BF3FD2003877BE /* View */,
				B18CEF2A29BF3D75003877BE /* Assets.xcassets */,
				B18CEF2C29BF3D75003877BE /* LaunchScreen.storyboard */,
				B18CEF2F29BF3D75003877BE /* Info.plist */,
			);
			path = Playlist;
			sourceTree = "<group>";
		};
		B18CEF3529BF3FD2003877BE /* View */ = {
			isa = PBXGroup;
			children = (
				B18CEF2729BF3D74003877BE /* Main.storyboard */,
				B18CEF4729BF4C01003877BE /* SongCell.swift */,
				B18CEF4829BF4C01003877BE /* SongCell.xib */,
			);
			path = View;
			sourceTree = "<group>";
		};
		B18CEF3629BF3FDD003877BE /* Controller */ = {
			isa = PBXGroup;
			children = (
				B18CEF2529BF3D74003877BE /* ViewController.swift */,
				B18CEF4B29BF5611003877BE /* PlayerViewController.swift */,
			);
			path = Controller;
			sourceTree = "<group>";
		};
		B18CEF3729BF3FEE003877BE /* Model */ = {
			isa = PBXGroup;
			children = (
				B18CEF3C29BF41A1003877BE /* Song.swift */,
			);
			path = Model;
			sourceTree = "<group>";
		};
		B18CEF3E29BF43E0003877BE /* Audio */ = {
			isa = PBXGroup;
			children = (
				B18CEF4329BF4521003877BE /* song1.mp3 */,
				B18CEF4529BF452C003877BE /* song2.mp3 */,
				B17910AF29C170A20042DFF0 /* song3.mp3 */,
				B17910B129C170A70042DFF0 /* song4.mp3 */,
				B17910B329C171B00042DFF0 /* song5.mp3 */,
			);
			path = Audio;
			sourceTree = "<group>";
		};
/* End PBXGroup section */

/* Begin PBXNativeTarget section */
		B18CEF1D29BF3D74003877BE /* Playlist */ = {
			isa = PBXNativeTarget;
			buildConfigurationList = B18CEF3229BF3D75003877BE /* Build configuration list for PBXNativeTarget "Playlist" */;
			buildPhases = (
				B18CEF1A29BF3D74003877BE /* Sources */,
				B18CEF1B29BF3D74003877BE /* Frameworks */,
				B18CEF1C29BF3D74003877BE /* Resources */,
			);
			buildRules = (
			);
			dependencies = (
			);
			name = Playlist;
			productName = Playlist;
			productReference = B18CEF1E29BF3D74003877BE /* Playlist.app */;
			productType = "com.apple.product-type.application";
		};
/* End PBXNativeTarget section */

/* Begin PBXProject section */
		B18CEF1629BF3D74003877BE /* Project object */ = {
			isa = PBXProject;
			attributes = {
				BuildIndependentTargetsInParallel = 1;
				LastSwiftUpdateCheck = 1420;
				LastUpgradeCheck = 1420;
				TargetAttributes = {
					B18CEF1D29BF3D74003877BE = {
						CreatedOnToolsVersion = 14.2;
					};
				};
			};
			buildConfigurationList = B18CEF1929BF3D74003877BE /* Build configuration list for PBXProject "Playlist" */;
			compatibilityVersion = "Xcode 14.0";
			developmentRegion = en;
			hasScannedForEncodings = 0;
			knownRegions = (
				en,
				Base,
			);
			mainGroup = B18CEF1529BF3D74003877BE;
			productRefGroup = B18CEF1F29BF3D74003877BE /* Products */;
			projectDirPath = "";
			projectRoot = "";
			targets = (
				B18CEF1D29BF3D74003877BE /* Playlist */,
			);
		};
/* End PBXProject section */

/* Begin PBXResourcesBuildPhase section */
		B18CEF1C29BF3D74003877BE /* Resources */ = {
			isa = PBXResourcesBuildPhase;
			buildActionMask = 2147483647;
			files = (
				B18CEF2E29BF3D75003877BE /* LaunchScreen.storyboard in Resources */,
				B17910B429C171B10042DFF0 /* song5.mp3 in Resources */,
				B17910B029C170A20042DFF0 /* song3.mp3 in Resources */,
				B17910B229C170A70042DFF0 /* song4.mp3 in Resources */,
				B18CEF2B29BF3D75003877BE /* Assets.xcassets in Resources */,
				B18CEF4A29BF4C01003877BE /* SongCell.xib in Resources */,
				B18CEF2929BF3D74003877BE /* Main.storyboard in Resources */,
				B18CEF4429BF4521003877BE /* song1.mp3 in Resources */,
				B18CEF4629BF452C003877BE /* song2.mp3 in Resources */,
			);
			runOnlyForDeploymentPostprocessing = 0;
		};
/* End PBXResourcesBuildPhase section */

/* Begin PBXSourcesBuildPhase section */
		B18CEF1A29BF3D74003877BE /* Sources */ = {
			isa = PBXSourcesBuildPhase;
			buildActionMask = 2147483647;
			files = (
				B18CEF3D29BF41A1003877BE /* Song.swift in Sources */,
				B18CEF2629BF3D74003877BE /* ViewController.swift in Sources */,
				B18CEF2229BF3D74003877BE /* AppDelegate.swift in Sources */,
				B17C72CB29DAB3FA00DD9EB6 /* MusicDelegate.swift in Sources */,
				B18CEF4929BF4C01003877BE /* SongCell.swift in Sources */,
				B18CEF2429BF3D74003877BE /* SceneDelegate.swift in Sources */,
				B18CEF4C29BF5611003877BE /* PlayerViewController.swift in Sources */,
			);
			runOnlyForDeploymentPostprocessing = 0;
		};
/* End PBXSourcesBuildPhase section */

/* Begin PBXVariantGroup section */
		B18CEF2729BF3D74003877BE /* Main.storyboard */ = {
			isa = PBXVariantGroup;
			children = (
				B18CEF2829BF3D74003877BE /* Base */,
			);
			name = Main.storyboard;
			sourceTree = "<group>";
		};
		B18CEF2C29BF3D75003877BE /* LaunchScreen.storyboard */ = {
			isa = PBXVariantGroup;
			children = (
				B18CEF2D29BF3D75003877BE /* Base */,
			);
			name = LaunchScreen.storyboard;
			sourceTree = "<group>";
		};
/* End PBXVariantGroup section */

/* Begin XCBuildConfiguration section */
		B18CEF3029BF3D75003877BE /* Debug */ = {
			isa = XCBuildConfiguration;
			buildSettings = {
				ALWAYS_SEARCH_USER_PATHS = NO;
				CLANG_ANALYZER_NONNULL = YES;
				CLANG_ANALYZER_NUMBER_OBJECT_CONVERSION = YES_AGGRESSIVE;
				CLANG_CXX_LANGUAGE_STANDARD = "gnu++20";
				CLANG_ENABLE_MODULES = YES;
				CLANG_ENABLE_OBJC_ARC = YES;
				CLANG_ENABLE_OBJC_WEAK = YES;
				CLANG_WARN_BLOCK_CAPTURE_AUTORELEASING = YES;
				CLANG_WARN_BOOL_CONVERSION = YES;
				CLANG_WARN_COMMA = YES;
				CLANG_WARN_CONSTANT_CONVERSION = YES;
				CLANG_WARN_DEPRECATED_OBJC_IMPLEMENTATIONS = YES;
				CLANG_WARN_DIRECT_OBJC_ISA_USAGE = YES_ERROR;
				CLANG_WARN_DOCUMENTATION_COMMENTS = YES;
				CLANG_WARN_EMPTY_BODY = YES;
				CLANG_WARN_ENUM_CONVERSION = YES;
				CLANG_WARN_INFINITE_RECURSION = YES;
				CLANG_WARN_INT_CONVERSION = YES;
				CLANG_WARN_NON_LITERAL_NULL_CONVERSION = YES;
				CLANG_WARN_OBJC_IMPLICIT_RETAIN_SELF = YES;
				CLANG_WARN_OBJC_LITERAL_CONVERSION = YES;
				CLANG_WARN_OBJC_ROOT_CLASS = YES_ERROR;
				CLANG_WARN_QUOTED_INCLUDE_IN_FRAMEWORK_HEADER = YES;
				CLANG_WARN_RANGE_LOOP_ANALYSIS = YES;
				CLANG_WARN_STRICT_PROTOTYPES = YES;
				CLANG_WARN_SUSPICIOUS_MOVE = YES;
				CLANG_WARN_UNGUARDED_AVAILABILITY = YES_AGGRESSIVE;
				CLANG_WARN_UNREACHABLE_CODE = YES;
				CLANG_WARN__DUPLICATE_METHOD_MATCH = YES;
				COPY_PHASE_STRIP = NO;
				DEBUG_INFORMATION_FORMAT = dwarf;
				ENABLE_STRICT_OBJC_MSGSEND = YES;
				ENABLE_TESTABILITY = YES;
				GCC_C_LANGUAGE_STANDARD = gnu11;
				GCC_DYNAMIC_NO_PIC = NO;
				GCC_NO_COMMON_BLOCKS = YES;
				GCC_OPTIMIZATION_LEVEL = 0;
				GCC_PREPROCESSOR_DEFINITIONS = (
					"DEBUG=1",
					"$(inherited)",
				);
				GCC_WARN_64_TO_32_BIT_CONVERSION = YES;
				GCC_WARN_ABOUT_RETURN_TYPE = YES_ERROR;
				GCC_WARN_UNDECLARED_SELECTOR = YES;
				GCC_WARN_UNINITIALIZED_AUTOS = YES_AGGRESSIVE;
				GCC_WARN_UNUSED_FUNCTION = YES;
				GCC_WARN_UNUSED_VARIABLE = YES;
				IPHONEOS_DEPLOYMENT_TARGET = 16.2;
				MTL_ENABLE_DEBUG_INFO = INCLUDE_SOURCE;
				MTL_FAST_MATH = YES;
				ONLY_ACTIVE_ARCH = YES;
				SDKROOT = iphoneos;
				SWIFT_ACTIVE_COMPILATION_CONDITIONS = DEBUG;
				SWIFT_OPTIMIZATION_LEVEL = "-Onone";
			};
			name = Debug;
		};
		B18CEF3129BF3D75003877BE /* Release */ = {
			isa = XCBuildConfiguration;
			buildSettings = {
				ALWAYS_SEARCH_USER_PATHS = NO;
				CLANG_ANALYZER_NONNULL = YES;
				CLANG_ANALYZER_NUMBER_OBJECT_CONVERSION = YES_AGGRESSIVE;
				CLANG_CXX_LANGUAGE_STANDARD = "gnu++20";
				CLANG_ENABLE_MODULES = YES;
				CLANG_ENABLE_OBJC_ARC = YES;
				CLANG_ENABLE_OBJC_WEAK = YES;
				CLANG_WARN_BLOCK_CAPTURE_AUTORELEASING = YES;
				CLANG_WARN_BOOL_CONVERSION = YES;
				CLANG_WARN_COMMA = YES;
				CLANG_WARN_CONSTANT_CONVERSION = YES;
				CLANG_WARN_DEPRECATED_OBJC_IMPLEMENTATIONS = YES;
				CLANG_WARN_DIRECT_OBJC_ISA_USAGE = YES_ERROR;
				CLANG_WARN_DOCUMENTATION_COMMENTS = YES;
				CLANG_WARN_EMPTY_BODY = YES;
				CLANG_WARN_ENUM_CONVERSION = YES;
				CLANG_WARN_INFINITE_RECURSION = YES;
				CLANG_WARN_INT_CONVERSION = YES;
				CLANG_WARN_NON_LITERAL_NULL_CONVERSION = YES;
				CLANG_WARN_OBJC_IMPLICIT_RETAIN_SELF = YES;
				CLANG_WARN_OBJC_LITERAL_CONVERSION = YES;
				CLANG_WARN_OBJC_ROOT_CLASS = YES_ERROR;
				CLANG_WARN_QUOTED_INCLUDE_IN_FRAMEWORK_HEADER = YES;
				CLANG_WARN_RANGE_LOOP_ANALYSIS = YES;
				CLANG_WARN_STRICT_PROTOTYPES = YES;
				CLANG_WARN_SUSPICIOUS_MOVE = YES;
				CLANG_WARN_UNGUARDED_AVAILABILITY = YES_AGGRESSIVE;
				CLANG_WARN_UNREACHABLE_CODE = YES;
				CLANG_WARN__DUPLICATE_METHOD_MATCH = YES;
				COPY_PHASE_STRIP = NO;
				DEBUG_INFORMATION_FORMAT = "dwarf-with-dsym";
				ENABLE_NS_ASSERTIONS = NO;
				ENABLE_STRICT_OBJC_MSGSEND = YES;
				GCC_C_LANGUAGE_STANDARD = gnu11;
				GCC_NO_COMMON_BLOCKS = YES;
				GCC_WARN_64_TO_32_BIT_CONVERSION = YES;
				GCC_WARN_ABOUT_RETURN_TYPE = YES_ERROR;
				GCC_WARN_UNDECLARED_SELECTOR = YES;
				GCC_WARN_UNINITIALIZED_AUTOS = YES_AGGRESSIVE;
				GCC_WARN_UNUSED_FUNCTION = YES;
				GCC_WARN_UNUSED_VARIABLE = YES;
				IPHONEOS_DEPLOYMENT_TARGET = 16.2;
				MTL_ENABLE_DEBUG_INFO = NO;
				MTL_FAST_MATH = YES;
				SDKROOT = iphoneos;
				SWIFT_COMPILATION_MODE = wholemodule;
				SWIFT_OPTIMIZATION_LEVEL = "-O";
				VALIDATE_PRODUCT = YES;
			};
			name = Release;
		};
		B18CEF3329BF3D75003877BE /* Debug */ = {
			isa = XCBuildConfiguration;
			buildSettings = {
				ASSETCATALOG_COMPILER_APPICON_NAME = AppIcon;
				ASSETCATALOG_COMPILER_GLOBAL_ACCENT_COLOR_NAME = AccentColor;
				CODE_SIGN_STYLE = Automatic;
				CURRENT_PROJECT_VERSION = 1;
				GENERATE_INFOPLIST_FILE = YES;
				INFOPLIST_FILE = Playlist/Info.plist;
				INFOPLIST_KEY_UIApplicationSupportsIndirectInputEvents = YES;
				INFOPLIST_KEY_UILaunchStoryboardName = LaunchScreen;
				INFOPLIST_KEY_UIMainStoryboardFile = Main;
				INFOPLIST_KEY_UISupportedInterfaceOrientations_iPad = "UIInterfaceOrientationPortrait UIInterfaceOrientationPortraitUpsideDown UIInterfaceOrientationLandscapeLeft UIInterfaceOrientationLandscapeRight";
				INFOPLIST_KEY_UISupportedInterfaceOrientations_iPhone = "UIInterfaceOrientationPortrait UIInterfaceOrientationLandscapeLeft UIInterfaceOrientationLandscapeRight";
				LD_RUNPATH_SEARCH_PATHS = (
					"$(inherited)",
					"@executable_path/Frameworks",
				);
				MARKETING_VERSION = 1.0;
				PRODUCT_BUNDLE_IDENTIFIER = gmail.lunya.Playlist;
				PRODUCT_NAME = "$(TARGET_NAME)";
				SWIFT_EMIT_LOC_STRINGS = YES;
				SWIFT_VERSION = 5.0;
				TARGETED_DEVICE_FAMILY = "1,2";
			};
			name = Debug;
		};
		B18CEF3429BF3D75003877BE /* Release */ = {
			isa = XCBuildConfiguration;
			buildSettings = {
				ASSETCATALOG_COMPILER_APPICON_NAME = AppIcon;
				ASSETCATALOG_COMPILER_GLOBAL_ACCENT_COLOR_NAME = AccentColor;
				CODE_SIGN_STYLE = Automatic;
				CURRENT_PROJECT_VERSION = 1;
				GENERATE_INFOPLIST_FILE = YES;
				INFOPLIST_FILE = Playlist/Info.plist;
				INFOPLIST_KEY_UIApplicationSupportsIndirectInputEvents = YES;
				INFOPLIST_KEY_UILaunchStoryboardName = LaunchScreen;
				INFOPLIST_KEY_UIMainStoryboardFile = Main;
				INFOPLIST_KEY_UISupportedInterfaceOrientations_iPad = "UIInterfaceOrientationPortrait UIInterfaceOrientationPortraitUpsideDown UIInterfaceOrientationLandscapeLeft UIInterfaceOrientationLandscapeRight";
				INFOPLIST_KEY_UISupportedInterfaceOrientations_iPhone = "UIInterfaceOrientationPortrait UIInterfaceOrientationLandscapeLeft UIInterfaceOrientationLandscapeRight";
				LD_RUNPATH_SEARCH_PATHS = (
					"$(inherited)",
					"@executable_path/Frameworks",
				);
				MARKETING_VERSION = 1.0;
				PRODUCT_BUNDLE_IDENTIFIER = gmail.lunya.Playlist;
				PRODUCT_NAME = "$(TARGET_NAME)";
				SWIFT_EMIT_LOC_STRINGS = YES;
				SWIFT_VERSION = 5.0;
				TARGETED_DEVICE_FAMILY = "1,2";
			};
			name = Release;
		};
/* End XCBuildConfiguration section */

/* Begin XCConfigurationList section */
		B18CEF1929BF3D74003877BE /* Build configuration list for PBXProject "Playlist" */ = {
			isa = XCConfigurationList;
			buildConfigurations = (
				B18CEF3029BF3D75003877BE /* Debug */,
				B18CEF3129BF3D75003877BE /* Release */,
			);
			defaultConfigurationIsVisible = 0;
			defaultConfigurationName = Release;
		};
		B18CEF3229BF3D75003877BE /* Build configuration list for PBXNativeTarget "Playlist" */ = {
			isa = XCConfigurationList;
			buildConfigurations = (
				B18CEF3329BF3D75003877BE /* Debug */,
				B18CEF3429BF3D75003877BE /* Release */,
			);
			defaultConfigurationIsVisible = 0;
			defaultConfigurationName = Release;
		};
/* End XCConfigurationList section */
	};
	rootObject = B18CEF1629BF3D74003877BE /* Project object */;
}
